// !$*UTF8*$!
{
	archiveVersion = 1;
	classes = {
	};
	objectVersion = 48;
	objects = {

/* Begin PBXBuildFile section */
		9E2DCB33204CC69C006BE917 /* AcmeLib.framework in Frameworks */ = {isa = PBXBuildFile; fileRef = 9E2DCB29204CC69B006BE917 /* AcmeLib.framework */; };
		9E2DCB38204CC69C006BE917 /* AcmeLibTests.swift in Sources */ = {isa = PBXBuildFile; fileRef = 9E2DCB37204CC69C006BE917 /* AcmeLibTests.swift */; };
		9E2DCB3A204CC69C006BE917 /* AcmeLib.h in Headers */ = {isa = PBXBuildFile; fileRef = 9E2DCB2C204CC69B006BE917 /* AcmeLib.h */; settings = {ATTRIBUTES = (Public, ); }; };
/* End PBXBuildFile section */

/* Begin PBXContainerItemProxy section */
		9E2DCB34204CC69C006BE917 /* PBXContainerItemProxy */ = {
			isa = PBXContainerItemProxy;
			containerPortal = 9E2DCB20204CC69B006BE917 /* Project object */;
			proxyType = 1;
			remoteGlobalIDString = 9E2DCB28204CC69B006BE917;
			remoteInfo = AcmeLib;
		};
/* End PBXContainerItemProxy section */

/* Begin PBXFileReference section */
		9E2DCB29204CC69B006BE917 /* AcmeLib.framework */ = {isa = PBXFileReference; explicitFileType = wrapper.framework; includeInIndex = 0; path = AcmeLib.framework; sourceTree = BUILT_PRODUCTS_DIR; };
		9E2DCB2C204CC69B006BE917 /* AcmeLib.h */ = {isa = PBXFileReference; lastKnownFileType = sourcecode.c.h; path = AcmeLib.h; sourceTree = "<group>"; };
		9E2DCB2D204CC69C006BE917 /* Info.plist */ = {isa = PBXFileReference; lastKnownFileType = text.plist.xml; path = Info.plist; sourceTree = "<group>"; };
		9E2DCB32204CC69C006BE917 /* AcmeLibTests.xctest */ = {isa = PBXFileReference; explicitFileType = wrapper.cfbundle; includeInIndex = 0; path = AcmeLibTests.xctest; sourceTree = BUILT_PRODUCTS_DIR; };
		9E2DCB37204CC69C006BE917 /* AcmeLibTests.swift */ = {isa = PBXFileReference; lastKnownFileType = sourcecode.swift; path = AcmeLibTests.swift; sourceTree = "<group>"; };
		9E2DCB39204CC69C006BE917 /* Info.plist */ = {isa = PBXFileReference; lastKnownFileType = text.plist.xml; path = Info.plist; sourceTree = "<group>"; };
/* End PBXFileReference section */

/* Begin PBXFrameworksBuildPhase section */
		9E2DCB25204CC69B006BE917 /* Frameworks */ = {
			isa = PBXFrameworksBuildPhase;
			buildActionMask = 2147483647;
			files = (
			);
			runOnlyForDeploymentPostprocessing = 0;
		};
		9E2DCB2F204CC69C006BE917 /* Frameworks */ = {
			isa = PBXFrameworksBuildPhase;
			buildActionMask = 2147483647;
			files = (
				9E2DCB33204CC69C006BE917 /* AcmeLib.framework in Frameworks */,
			);
			runOnlyForDeploymentPostprocessing = 0;
		};
/* End PBXFrameworksBuildPhase section */

/* Begin PBXGroup section */
		9E2DCB1F204CC69B006BE917 = {
			isa = PBXGroup;
			children = (
				9E2DCB2B204CC69B006BE917 /* AcmeLib */,
				9E2DCB36204CC69C006BE917 /* AcmeLibTests */,
				9E2DCB2A204CC69B006BE917 /* Products */,
			);
			sourceTree = "<group>";
		};
		9E2DCB2A204CC69B006BE917 /* Products */ = {
			isa = PBXGroup;
			children = (
				9E2DCB29204CC69B006BE917 /* AcmeLib.framework */,
				9E2DCB32204CC69C006BE917 /* AcmeLibTests.xctest */,
			);
			name = Products;
			sourceTree = "<group>";
		};
		9E2DCB2B204CC69B006BE917 /* AcmeLib */ = {
			isa = PBXGroup;
			children = (
				9E2DCB2C204CC69B006BE917 /* AcmeLib.h */,
				9E2DCB2D204CC69C006BE917 /* Info.plist */,
			);
			path = AcmeLib;
			sourceTree = "<group>";
		};
		9E2DCB36204CC69C006BE917 /* AcmeLibTests */ = {
			isa = PBXGroup;
			children = (
				9E2DCB37204CC69C006BE917 /* AcmeLibTests.swift */,
				9E2DCB39204CC69C006BE917 /* Info.plist */,
			);
			path = AcmeLibTests;
			sourceTree = "<group>";
		};
/* End PBXGroup section */

/* Begin PBXHeadersBuildPhase section */
		9E2DCB26204CC69B006BE917 /* Headers */ = {
			isa = PBXHeadersBuildPhase;
			buildActionMask = 2147483647;
			files = (
				9E2DCB3A204CC69C006BE917 /* AcmeLib.h in Headers */,
			);
			runOnlyForDeploymentPostprocessing = 0;
		};
/* End PBXHeadersBuildPhase section */

/* Begin PBXNativeTarget section */
		9E2DCB28204CC69B006BE917 /* AcmeLib */ = {
			isa = PBXNativeTarget;
			buildConfigurationList = 9E2DCB3D204CC69C006BE917 /* Build configuration list for PBXNativeTarget "AcmeLib" */;
			buildPhases = (
				9E2DCB24204CC69B006BE917 /* Sources */,
				9E2DCB25204CC69B006BE917 /* Frameworks */,
				9E2DCB26204CC69B006BE917 /* Headers */,
				9E2DCB27204CC69B006BE917 /* Resources */,
			);
			buildRules = (
			);
			dependencies = (
			);
			name = AcmeLib;
			productName = AcmeLib;
			productReference = 9E2DCB29204CC69B006BE917 /* AcmeLib.framework */;
			productType = "com.apple.product-type.framework";
		};
		9E2DCB31204CC69C006BE917 /* AcmeLibTests */ = {
			isa = PBXNativeTarget;
			buildConfigurationList = 9E2DCB40204CC69C006BE917 /* Build configuration list for PBXNativeTarget "AcmeLibTests" */;
			buildPhases = (
				9E2DCB2E204CC69C006BE917 /* Sources */,
				9E2DCB2F204CC69C006BE917 /* Frameworks */,
				9E2DCB30204CC69C006BE917 /* Resources */,
			);
			buildRules = (
			);
			dependencies = (
				9E2DCB35204CC69C006BE917 /* PBXTargetDependency */,
			);
			name = AcmeLibTests;
			productName = AcmeLibTests;
			productReference = 9E2DCB32204CC69C006BE917 /* AcmeLibTests.xctest */;
			productType = "com.apple.product-type.bundle.unit-test";
		};
/* End PBXNativeTarget section */

/* Begin PBXProject section */
		9E2DCB20204CC69B006BE917 /* Project object */ = {
			isa = PBXProject;
			attributes = {
				LastSwiftUpdateCheck = 0920;
				LastUpgradeCheck = 0920;
				ORGANIZATIONNAME = "Reilly Forshaw";
				TargetAttributes = {
					9E2DCB28204CC69B006BE917 = {
						CreatedOnToolsVersion = 9.2;
						ProvisioningStyle = Automatic;
					};
					9E2DCB31204CC69C006BE917 = {
						CreatedOnToolsVersion = 9.2;
						ProvisioningStyle = Automatic;
					};
				};
			};
			buildConfigurationList = 9E2DCB23204CC69B006BE917 /* Build configuration list for PBXProject "AcmeLib" */;
			compatibilityVersion = "Xcode 8.0";
			developmentRegion = en;
			hasScannedForEncodings = 0;
			knownRegions = (
				en,
			);
			mainGroup = 9E2DCB1F204CC69B006BE917;
			productRefGroup = 9E2DCB2A204CC69B006BE917 /* Products */;
			projectDirPath = "";
			projectRoot = "";
			targets = (
				9E2DCB28204CC69B006BE917 /* AcmeLib */,
				9E2DCB31204CC69C006BE917 /* AcmeLibTests */,
			);
		};
/* End PBXProject section */

/* Begin PBXResourcesBuildPhase section */
		9E2DCB27204CC69B006BE917 /* Resources */ = {
			isa = PBXResourcesBuildPhase;
			buildActionMask = 2147483647;
			files = (
			);
			runOnlyForDeploymentPostprocessing = 0;
		};
		9E2DCB30204CC69C006BE917 /* Resources */ = {
			isa = PBXResourcesBuildPhase;
			buildActionMask = 2147483647;
			files = (
			);
			runOnlyForDeploymentPostprocessing = 0;
		};
/* End PBXResourcesBuildPhase section */

/* Begin PBXSourcesBuildPhase section */
		9E2DCB24204CC69B006BE917 /* Sources */ = {
			isa = PBXSourcesBuildPhase;
			buildActionMask = 2147483647;
			files = (
			);
			runOnlyForDeploymentPostprocessing = 0;
		};
		9E2DCB2E204CC69C006BE917 /* Sources */ = {
			isa = PBXSourcesBuildPhase;
			buildActionMask = 2147483647;
			files = (
				9E2DCB38204CC69C006BE917 /* AcmeLibTests.swift in Sources */,
			);
			runOnlyForDeploymentPostprocessing = 0;
		};
/* End PBXSourcesBuildPhase section */

/* Begin PBXTargetDependency section */
		9E2DCB35204CC69C006BE917 /* PBXTargetDependency */ = {
			isa = PBXTargetDependency;
			target = 9E2DCB28204CC69B006BE917 /* AcmeLib */;
			targetProxy = 9E2DCB34204CC69C006BE917 /* PBXContainerItemProxy */;
		};
/* End PBXTargetDependency section */

/* Begin XCBuildConfiguration section */
		9E2DCB3B204CC69C006BE917 /* Debug */ = {
			isa = XCBuildConfiguration;
			buildSettings = {
				ALWAYS_SEARCH_USER_PATHS = NO;
				CLANG_ANALYZER_NONNULL = YES;
				CLANG_ANALYZER_NUMBER_OBJECT_CONVERSION = YES_AGGRESSIVE;
				CLANG_CXX_LANGUAGE_STANDARD = "gnu++14";
				CLANG_CXX_LIBRARY = "libc++";
				CLANG_ENABLE_MODULES = YES;
				CLANG_ENABLE_OBJC_ARC = YES;
				CLANG_WARN_BLOCK_CAPTURE_AUTORELEASING = YES;
				CLANG_WARN_BOOL_CONVERSION = YES;
				CLANG_WARN_COMMA = YES;
				CLANG_WARN_CONSTANT_CONVERSION = YES;
				CLANG_WARN_DIRECT_OBJC_ISA_USAGE = YES_ERROR;
				CLANG_WARN_DOCUMENTATION_COMMENTS = YES;
				CLANG_WARN_EMPTY_BODY = YES;
				CLANG_WARN_ENUM_CONVERSION = YES;
				CLANG_WARN_INFINITE_RECURSION = YES;
				CLANG_WARN_INT_CONVERSION = YES;
				CLANG_WARN_NON_LITERAL_NULL_CONVERSION = YES;
				CLANG_WARN_OBJC_LITERAL_CONVERSION = YES;
				CLANG_WARN_OBJC_ROOT_CLASS = YES_ERROR;
				CLANG_WARN_RANGE_LOOP_ANALYSIS = YES;
				CLANG_WARN_STRICT_PROTOTYPES = YES;
				CLANG_WARN_SUSPICIOUS_MOVE = YES;
				CLANG_WARN_UNGUARDED_AVAILABILITY = YES_AGGRESSIVE;
				CLANG_WARN_UNREACHABLE_CODE = YES;
				CLANG_WARN__DUPLICATE_METHOD_MATCH = YES;
				CODE_SIGN_IDENTITY = "iPhone Developer";
				COPY_PHASE_STRIP = NO;
				CURRENT_PROJECT_VERSION = 1;
				DEBUG_INFORMATION_FORMAT = dwarf;
				ENABLE_STRICT_OBJC_MSGSEND = YES;
				ENABLE_TESTABILITY = YES;
				GCC_C_LANGUAGE_STANDARD = gnu11;
				GCC_DYNAMIC_NO_PIC = NO;
				GCC_NO_COMMON_BLOCKS = YES;
				GCC_OPTIMIZATION_LEVEL = 0;
				GCC_PREPROCESSOR_DEFINITIONS = (
					"DEBUG=1",
					"$(inherited)",
				);
				GCC_WARN_64_TO_32_BIT_CONVERSION = YES;
				GCC_WARN_ABOUT_RETURN_TYPE = YES_ERROR;
				GCC_WARN_UNDECLARED_SELECTOR = YES;
				GCC_WARN_UNINITIALIZED_AUTOS = YES_AGGRESSIVE;
				GCC_WARN_UNUSED_FUNCTION = YES;
				GCC_WARN_UNUSED_VARIABLE = YES;
				IPHONEOS_DEPLOYMENT_TARGET = 11.2;
				MTL_ENABLE_DEBUG_INFO = YES;
				ONLY_ACTIVE_ARCH = YES;
				SDKROOT = iphoneos;
				SWIFT_ACTIVE_COMPILATION_CONDITIONS = DEBUG;
				SWIFT_OPTIMIZATION_LEVEL = "-Onone";
				VERSIONING_SYSTEM = "apple-generic";
				VERSION_INFO_PREFIX = "";
			};
			name = Debug;
		};
		9E2DCB3C204CC69C006BE917 /* Release */ = {
			isa = XCBuildConfiguration;
			buildSettings = {
				ALWAYS_SEARCH_USER_PATHS = NO;
				CLANG_ANALYZER_NONNULL = YES;
				CLANG_ANALYZER_NUMBER_OBJECT_CONVERSION = YES_AGGRESSIVE;
				CLANG_CXX_LANGUAGE_STANDARD = "gnu++14";
				CLANG_CXX_LIBRARY = "libc++";
				CLANG_ENABLE_MODULES = YES;
				CLANG_ENABLE_OBJC_ARC = YES;
				CLANG_WARN_BLOCK_CAPTURE_AUTORELEASING = YES;
				CLANG_WARN_BOOL_CONVERSION = YES;
				CLANG_WARN_COMMA = YES;
				CLANG_WARN_CONSTANT_CONVERSION = YES;
				CLANG_WARN_DIRECT_OBJC_ISA_USAGE = YES_ERROR;
				CLANG_WARN_DOCUMENTATION_COMMENTS = YES;
				CLANG_WARN_EMPTY_BODY = YES;
				CLANG_WARN_ENUM_CONVERSION = YES;
				CLANG_WARN_INFINITE_RECURSION = YES;
				CLANG_WARN_INT_CONVERSION = YES;
				CLANG_WARN_NON_LITERAL_NULL_CONVERSION = YES;
				CLANG_WARN_OBJC_LITERAL_CONVERSION = YES;
				CLANG_WARN_OBJC_ROOT_CLASS = YES_ERROR;
				CLANG_WARN_RANGE_LOOP_ANALYSIS = YES;
				CLANG_WARN_STRICT_PROTOTYPES = YES;
				CLANG_WARN_SUSPICIOUS_MOVE = YES;
				CLANG_WARN_UNGUARDED_AVAILABILITY = YES_AGGRESSIVE;
				CLANG_WARN_UNREACHABLE_CODE = YES;
				CLANG_WARN__DUPLICATE_METHOD_MATCH = YES;
				CODE_SIGN_IDENTITY = "iPhone Developer";
				COPY_PHASE_STRIP = NO;
				CURRENT_PROJECT_VERSION = 1;
				DEBUG_INFORMATION_FORMAT = "dwarf-with-dsym";
				ENABLE_NS_ASSERTIONS = NO;
				ENABLE_STRICT_OBJC_MSGSEND = YES;
				GCC_C_LANGUAGE_STANDARD = gnu11;
				GCC_NO_COMMON_BLOCKS = YES;
				GCC_WARN_64_TO_32_BIT_CONVERSION = YES;
				GCC_WARN_ABOUT_RETURN_TYPE = YES_ERROR;
				GCC_WARN_UNDECLARED_SELECTOR = YES;
				GCC_WARN_UNINITIALIZED_AUTOS = YES_AGGRESSIVE;
				GCC_WARN_UNUSED_FUNCTION = YES;
				GCC_WARN_UNUSED_VARIABLE = YES;
				IPHONEOS_DEPLOYMENT_TARGET = 11.2;
				MTL_ENABLE_DEBUG_INFO = NO;
				SDKROOT = iphoneos;
				SWIFT_OPTIMIZATION_LEVEL = "-Owholemodule";
				VALIDATE_PRODUCT = YES;
				VERSIONING_SYSTEM = "apple-generic";
				VERSION_INFO_PREFIX = "";
			};
			name = Release;
		};
		9E2DCB3E204CC69C006BE917 /* Debug */ = {
			isa = XCBuildConfiguration;
			buildSettings = {
				CODE_SIGN_IDENTITY = "";
				CODE_SIGN_STYLE = Automatic;
				DEFINES_MODULE = YES;
				DEVELOPMENT_TEAM = 5C4XKEEG85;
				DYLIB_COMPATIBILITY_VERSION = 1;
				DYLIB_CURRENT_VERSION = 1;
				DYLIB_INSTALL_NAME_BASE = "@rpath";
				INFOPLIST_FILE = AcmeLib/Info.plist;
				INSTALL_PATH = "$(LOCAL_LIBRARY_DIR)/Frameworks";
				LD_RUNPATH_SEARCH_PATHS = "$(inherited) @executable_path/Frameworks @loader_path/Frameworks";
				PRODUCT_BUNDLE_IDENTIFIER = com.rforshaw.AcmeLib;
				PRODUCT_NAME = "$(TARGET_NAME:c99extidentifier)";
				SKIP_INSTALL = YES;
				SWIFT_VERSION = 4.0;
				TARGETED_DEVICE_FAMILY = "1,2";
			};
			name = Debug;
		};
		9E2DCB3F204CC69C006BE917 /* Release */ = {
			isa = XCBuildConfiguration;
			buildSettings = {
				CODE_SIGN_IDENTITY = "";
				CODE_SIGN_STYLE = Automatic;
				DEFINES_MODULE = YES;
				DEVELOPMENT_TEAM = 5C4XKEEG85;
				DYLIB_COMPATIBILITY_VERSION = 1;
				DYLIB_CURRENT_VERSION = 1;
				DYLIB_INSTALL_NAME_BASE = "@rpath";
				INFOPLIST_FILE = AcmeLib/Info.plist;
				INSTALL_PATH = "$(LOCAL_LIBRARY_DIR)/Frameworks";
				LD_RUNPATH_SEARCH_PATHS = "$(inherited) @executable_path/Frameworks @loader_path/Frameworks";
				PRODUCT_BUNDLE_IDENTIFIER = com.rforshaw.AcmeLib;
				PRODUCT_NAME = "$(TARGET_NAME:c99extidentifier)";
				SKIP_INSTALL = YES;
				SWIFT_VERSION = 4.0;
				TARGETED_DEVICE_FAMILY = "1,2";
			};
			name = Release;
		};
		9E2DCB41204CC69C006BE917 /* Debug */ = {
			isa = XCBuildConfiguration;
			buildSettings = {
				CODE_SIGN_STYLE = Automatic;
				DEVELOPMENT_TEAM = 5C4XKEEG85;
				INFOPLIST_FILE = AcmeLibTests/Info.plist;
				LD_RUNPATH_SEARCH_PATHS = "$(inherited) @executable_path/Frameworks @loader_path/Frameworks";
				PRODUCT_BUNDLE_IDENTIFIER = com.rforshaw.AcmeLibTests;
				PRODUCT_NAME = "$(TARGET_NAME)";
				SWIFT_VERSION = 4.0;
				TARGETED_DEVICE_FAMILY = "1,2";
			};
			name = Debug;
		};
		9E2DCB42204CC69C006BE917 /* Release */ = {
			isa = XCBuildConfiguration;
			buildSettings = {
				CODE_SIGN_STYLE = Automatic;
				DEVELOPMENT_TEAM = 5C4XKEEG85;
				INFOPLIST_FILE = AcmeLibTests/Info.plist;
				LD_RUNPATH_SEARCH_PATHS = "$(inherited) @executable_path/Frameworks @loader_path/Frameworks";
				PRODUCT_BUNDLE_IDENTIFIER = com.rforshaw.AcmeLibTests;
				PRODUCT_NAME = "$(TARGET_NAME)";
				SWIFT_VERSION = 4.0;
				TARGETED_DEVICE_FAMILY = "1,2";
			};
			name = Release;
		};
/* End XCBuildConfiguration section */

/* Begin XCConfigurationList section */
		9E2DCB23204CC69B006BE917 /* Build configuration list for PBXProject "AcmeLib" */ = {
			isa = XCConfigurationList;
			buildConfigurations = (
				9E2DCB3B204CC69C006BE917 /* Debug */,
				9E2DCB3C204CC69C006BE917 /* Release */,
			);
			defaultConfigurationIsVisible = 0;
			defaultConfigurationName = Release;
		};
		9E2DCB3D204CC69C006BE917 /* Build configuration list for PBXNativeTarget "AcmeLib" */ = {
			isa = XCConfigurationList;
			buildConfigurations = (
				9E2DCB3E204CC69C006BE917 /* Debug */,
				9E2DCB3F204CC69C006BE917 /* Release */,
			);
			defaultConfigurationIsVisible = 0;
			defaultConfigurationName = Release;
		};
		9E2DCB40204CC69C006BE917 /* Build configuration list for PBXNativeTarget "AcmeLibTests" */ = {
			isa = XCConfigurationList;
			buildConfigurations = (
				9E2DCB41204CC69C006BE917 /* Debug */,
				9E2DCB42204CC69C006BE917 /* Release */,
			);
			defaultConfigurationIsVisible = 0;
			defaultConfigurationName = Release;
		};
/* End XCConfigurationList section */
	};
	rootObject = 9E2DCB20204CC69B006BE917 /* Project object */;
}
